
Microsoft Visual Studio Solution File, Format Version 12.00
# Visual Studio Version 17
VisualStudioVersion = 17.0.31903.59
MinimumVisualStudioVersion = 10.0.40219.1
Project("{FAE04EC0-301F-11D3-BF4B-00C04F79EFBC}") = "NativeForms.Core", "NativeForms.Core\NativeForms.Core.csproj", "{0650A35A-7560-432A-A7C9-D253B9E70F10}"
EndProject
Project("{FAE04EC0-301F-11D3-BF4B-00C04F79EFBC}") = "NativeForms.Backends.Windows", "NativeForms.Backends.Windows\NativeForms.Backends.Windows.csproj", "{E973B185-0D29-4B62-A15C-6B2EE1BCF750}"
EndProject
Project("{FAE04EC0-301F-11D3-BF4B-00C04F79EFBC}") = "NativeForms.Backends.Gtk", "NativeForms.Backends.Gtk\NativeForms.Backends.Gtk.csproj", "{E6F89F56-2EEC-4F8E-ADD2-B6F34A4AF459}"
EndProject
Project("{FAE04EC0-301F-11D3-BF4B-00C04F79EFBC}") = "NativeForms.Backends.MacOS", "NativeForms.Backends.MacOS\NativeForms.Backends.MacOS.csproj", "{4784BE44-10A5-49C1-A354-402969A198CC}"
EndProject
Project("{FAE04EC0-301F-11D3-BF4B-00C04F79EFBC}") = "NativeForms.Demo", "NativeForms.Demo\NativeForms.Demo.csproj", "{E7EA6187-1A29-4DD9-8FCB-AE56774EF797}"
EndProject
Project("{FAE04EC0-301F-11D3-BF4B-00C04F79EFBC}") = "NativeForms.Tests", "NativeForms.Tests\NativeForms.Tests.csproj", "{19DAA86E-504E-4CF8-ABF9-92862B28DBEF}"
EndProject
Project("{FAE04EC0-301F-11D3-BF4B-00C04F79EFBC}") = "NativeForms.Benchmarks", "NativeForms.Benchmarks\NativeForms.Benchmarks.csproj", "{41D8D74B-765B-4F54-8CD1-C2230CD75A25}"
EndProject
Project("{FAE04EC0-301F-11D3-BF4B-00C04F79EFBC}") = "NativeForms.TrimProbe", "NativeForms.TrimProbe\NativeForms.TrimProbe.csproj", "{8C0100CA-209F-40CE-B750-D0A23680DFEE}"
EndProject
Project("{FAE04EC0-301F-11D3-BF4B-00C04F79EFBC}") = "NativeForms.Generators", "NativeForms.Generators\NativeForms.Generators.csproj", "{040ED204-0F13-4CBD-99CA-5E4AD8EC3C14}"
EndProject
Global
	GlobalSection(SolutionConfigurationPlatforms) = preSolution
		Debug|Any CPU = Debug|Any CPU
		Debug|x64 = Debug|x64
		Debug|x86 = Debug|x86
		Release|Any CPU = Release|Any CPU
		Release|x64 = Release|x64
		Release|x86 = Release|x86
	EndGlobalSection
	GlobalSection(ProjectConfigurationPlatforms) = postSolution
		{0650A35A-7560-432A-A7C9-D253B9E70F10}.Debug|Any CPU.ActiveCfg = Debug|Any CPU
		{0650A35A-7560-432A-A7C9-D253B9E70F10}.Debug|Any CPU.Build.0 = Debug|Any CPU
		{0650A35A-7560-432A-A7C9-D253B9E70F10}.Debug|x64.ActiveCfg = Debug|Any CPU
		{0650A35A-7560-432A-A7C9-D253B9E70F10}.Debug|x64.Build.0 = Debug|Any CPU
		{0650A35A-7560-432A-A7C9-D253B9E70F10}.Debug|x86.ActiveCfg = Debug|Any CPU
		{0650A35A-7560-432A-A7C9-D253B9E70F10}.Debug|x86.Build.0 = Debug|Any CPU
		{0650A35A-7560-432A-A7C9-D253B9E70F10}.Release|Any CPU.ActiveCfg = Release|Any CPU
		{0650A35A-7560-432A-A7C9-D253B9E70F10}.Release|Any CPU.Build.0 = Release|Any CPU
		{0650A35A-7560-432A-A7C9-D253B9E70F10}.Release|x64.ActiveCfg = Release|Any CPU
		{0650A35A-7560-432A-A7C9-D253B9E70F10}.Release|x64.Build.0 = Release|Any CPU
		{0650A35A-7560-432A-A7C9-D253B9E70F10}.Release|x86.ActiveCfg = Release|Any CPU
		{0650A35A-7560-432A-A7C9-D253B9E70F10}.Release|x86.Build.0 = Release|Any CPU
		{E973B185-0D29-4B62-A15C-6B2EE1BCF750}.Debug|Any CPU.ActiveCfg = Debug|Any CPU
		{E973B185-0D29-4B62-A15C-6B2EE1BCF750}.Debug|Any CPU.Build.0 = Debug|Any CPU
		{E973B185-0D29-4B62-A15C-6B2EE1BCF750}.Debug|x64.ActiveCfg = Debug|Any CPU
		{E973B185-0D29-4B62-A15C-6B2EE1BCF750}.Debug|x64.Build.0 = Debug|Any CPU
		{E973B185-0D29-4B62-A15C-6B2EE1BCF750}.Debug|x86.ActiveCfg = Debug|Any CPU
		{E973B185-0D29-4B62-A15C-6B2EE1BCF750}.Debug|x86.Build.0 = Debug|Any CPU
		{E973B185-0D29-4B62-A15C-6B2EE1BCF750}.Release|Any CPU.ActiveCfg = Release|Any CPU
		{E973B185-0D29-4B62-A15C-6B2EE1BCF750}.Release|Any CPU.Build.0 = Release|Any CPU
		{E973B185-0D29-4B62-A15C-6B2EE1BCF750}.Release|x64.ActiveCfg = Release|Any CPU
		{E973B185-0D29-4B62-A15C-6B2EE1BCF750}.Release|x64.Build.0 = Release|Any CPU
		{E973B185-0D29-4B62-A15C-6B2EE1BCF750}.Release|x86.ActiveCfg = Release|Any CPU
		{E973B185-0D29-4B62-A15C-6B2EE1BCF750}.Release|x86.Build.0 = Release|Any CPU
		{E6F89F56-2EEC-4F8E-ADD2-B6F34A4AF459}.Debug|Any CPU.ActiveCfg = Debug|Any CPU
		{E6F89F56-2EEC-4F8E-ADD2-B6F34A4AF459}.Debug|Any CPU.Build.0 = Debug|Any CPU
		{E6F89F56-2EEC-4F8E-ADD2-B6F34A4AF459}.Debug|x64.ActiveCfg = Debug|Any CPU
		{E6F89F56-2EEC-4F8E-ADD2-B6F34A4AF459}.Debug|x64.Build.0 = Debug|Any CPU
		{E6F89F56-2EEC-4F8E-ADD2-B6F34A4AF459}.Debug|x86.ActiveCfg = Debug|Any CPU
		{E6F89F56-2EEC-4F8E-ADD2-B6F34A4AF459}.Debug|x86.Build.0 = Debug|Any CPU
		{E6F89F56-2EEC-4F8E-ADD2-B6F34A4AF459}.Release|Any CPU.ActiveCfg = Release|Any CPU
		{E6F89F56-2EEC-4F8E-ADD2-B6F34A4AF459}.Release|Any CPU.Build.0 = Release|Any CPU
		{E6F89F56-2EEC-4F8E-ADD2-B6F34A4AF459}.Release|x64.ActiveCfg = Release|Any CPU
		{E6F89F56-2EEC-4F8E-ADD2-B6F34A4AF459}.Release|x64.Build.0 = Release|Any CPU
		{E6F89F56-2EEC-4F8E-ADD2-B6F34A4AF459}.Release|x86.ActiveCfg = Release|Any CPU
		{E6F89F56-2EEC-4F8E-ADD2-B6F34A4AF459}.Release|x86.Build.0 = Release|Any CPU
		{4784BE44-10A5-49C1-A354-402969A198CC}.Debug|Any CPU.ActiveCfg = Debug|Any CPU
		{4784BE44-10A5-49C1-A354-402969A198CC}.Debug|Any CPU.Build.0 = Debug|Any CPU
		{4784BE44-10A5-49C1-A354-402969A198CC}.Debug|x64.ActiveCfg = Debug|Any CPU
		{4784BE44-10A5-49C1-A354-402969A198CC}.Debug|x64.Build.0 = Debug|Any CPU
		{4784BE44-10A5-49C1-A354-402969A198CC}.Debug|x86.ActiveCfg = Debug|Any CPU
		{4784BE44-10A5-49C1-A354-402969A198CC}.Debug|x86.Build.0 = Debug|Any CPU
		{4784BE44-10A5-49C1-A354-402969A198CC}.Release|Any CPU.ActiveCfg = Release|Any CPU
		{4784BE44-10A5-49C1-A354-402969A198CC}.Release|Any CPU.Build.0 = Release|Any CPU
		{4784BE44-10A5-49C1-A354-402969A198CC}.Release|x64.ActiveCfg = Release|Any CPU
		{4784BE44-10A5-49C1-A354-402969A198CC}.Release|x64.Build.0 = Release|Any CPU
		{4784BE44-10A5-49C1-A354-402969A198CC}.Release|x86.ActiveCfg = Release|Any CPU
		{4784BE44-10A5-49C1-A354-402969A198CC}.Release|x86.Build.0 = Release|Any CPU
		{E7EA6187-1A29-4DD9-8FCB-AE56774EF797}.Debug|Any CPU.ActiveCfg = Debug|Any CPU
		{E7EA6187-1A29-4DD9-8FCB-AE56774EF797}.Debug|Any CPU.Build.0 = Debug|Any CPU
		{E7EA6187-1A29-4DD9-8FCB-AE56774EF797}.Debug|x64.ActiveCfg = Debug|Any CPU
		{E7EA6187-1A29-4DD9-8FCB-AE56774EF797}.Debug|x64.Build.0 = Debug|Any CPU
		{E7EA6187-1A29-4DD9-8FCB-AE56774EF797}.Debug|x86.ActiveCfg = Debug|Any CPU
		{E7EA6187-1A29-4DD9-8FCB-AE56774EF797}.Debug|x86.Build.0 = Debug|Any CPU
		{E7EA6187-1A29-4DD9-8FCB-AE56774EF797}.Release|Any CPU.ActiveCfg = Release|Any CPU
		{E7EA6187-1A29-4DD9-8FCB-AE56774EF797}.Release|Any CPU.Build.0 = Release|Any CPU
		{E7EA6187-1A29-4DD9-8FCB-AE56774EF797}.Release|x64.ActiveCfg = Release|Any CPU
		{E7EA6187-1A29-4DD9-8FCB-AE56774EF797}.Release|x64.Build.0 = Release|Any CPU
		{E7EA6187-1A29-4DD9-8FCB-AE56774EF797}.Release|x86.ActiveCfg = Release|Any CPU
		{E7EA6187-1A29-4DD9-8FCB-AE56774EF797}.Release|x86.Build.0 = Release|Any CPU
		{19DAA86E-504E-4CF8-ABF9-92862B28DBEF}.Debug|Any CPU.ActiveCfg = Debug|Any CPU
		{19DAA86E-504E-4CF8-ABF9-92862B28DBEF}.Debug|Any CPU.Build.0 = Debug|Any CPU
		{19DAA86E-504E-4CF8-ABF9-92862B28DBEF}.Debug|x64.ActiveCfg = Debug|Any CPU
		{19DAA86E-504E-4CF8-ABF9-92862B28DBEF}.Debug|x64.Build.0 = Debug|Any CPU
		{19DAA86E-504E-4CF8-ABF9-92862B28DBEF}.Debug|x86.ActiveCfg = Debug|Any CPU
		{19DAA86E-504E-4CF8-ABF9-92862B28DBEF}.Debug|x86.Build.0 = Debug|Any CPU
		{19DAA86E-504E-4CF8-ABF9-92862B28DBEF}.Release|Any CPU.ActiveCfg = Release|Any CPU
		{19DAA86E-504E-4CF8-ABF9-92862B28DBEF}.Release|Any CPU.Build.0 = Release|Any CPU
		{19DAA86E-504E-4CF8-ABF9-92862B28DBEF}.Release|x64.ActiveCfg = Release|Any CPU
		{19DAA86E-504E-4CF8-ABF9-92862B28DBEF}.Release|x64.Build.0 = Release|Any CPU
		{19DAA86E-504E-4CF8-ABF9-92862B28DBEF}.Release|x86.ActiveCfg = Release|Any CPU
		{19DAA86E-504E-4CF8-ABF9-92862B28DBEF}.Release|x86.Build.0 = Release|Any CPU
		{41D8D74B-765B-4F54-8CD1-C2230CD75A25}.Debug|Any CPU.ActiveCfg = Debug|Any CPU
		{41D8D74B-765B-4F54-8CD1-C2230CD75A25}.Debug|Any CPU.Build.0 = Debug|Any CPU
		{41D8D74B-765B-4F54-8CD1-C2230CD75A25}.Debug|x64.ActiveCfg = Debug|Any CPU
		{41D8D74B-765B-4F54-8CD1-C2230CD75A25}.Debug|x64.Build.0 = Debug|Any CPU
		{41D8D74B-765B-4F54-8CD1-C2230CD75A25}.Debug|x86.ActiveCfg = Debug|Any CPU
		{41D8D74B-765B-4F54-8CD1-C2230CD75A25}.Debug|x86.Build.0 = Debug|Any CPU
		{41D8D74B-765B-4F54-8CD1-C2230CD75A25}.Release|Any CPU.ActiveCfg = Release|Any CPU
		{41D8D74B-765B-4F54-8CD1-C2230CD75A25}.Release|Any CPU.Build.0 = Release|Any CPU
		{41D8D74B-765B-4F54-8CD1-C2230CD75A25}.Release|x64.ActiveCfg = Release|Any CPU
		{41D8D74B-765B-4F54-8CD1-C2230CD75A25}.Release|x64.Build.0 = Release|Any CPU
		{41D8D74B-765B-4F54-8CD1-C2230CD75A25}.Release|x86.ActiveCfg = Release|Any CPU
		{41D8D74B-765B-4F54-8CD1-C2230CD75A25}.Release|x86.Build.0 = Release|Any CPU
		{8C0100CA-209F-40CE-B750-D0A23680DFEE}.Debug|Any CPU.ActiveCfg = Debug|Any CPU
		{8C0100CA-209F-40CE-B750-D0A23680DFEE}.Debug|Any CPU.Build.0 = Debug|Any CPU
		{8C0100CA-209F-40CE-B750-D0A23680DFEE}.Debug|x64.ActiveCfg = Debug|Any CPU
		{8C0100CA-209F-40CE-B750-D0A23680DFEE}.Debug|x64.Build.0 = Debug|Any CPU
		{8C0100CA-209F-40CE-B750-D0A23680DFEE}.Debug|x86.ActiveCfg = Debug|Any CPU
		{8C0100CA-209F-40CE-B750-D0A23680DFEE}.Debug|x86.Build.0 = Debug|Any CPU
		{8C0100CA-209F-40CE-B750-D0A23680DFEE}.Release|Any CPU.ActiveCfg = Release|Any CPU
		{8C0100CA-209F-40CE-B750-D0A23680DFEE}.Release|Any CPU.Build.0 = Release|Any CPU
		{8C0100CA-209F-40CE-B750-D0A23680DFEE}.Release|x64.ActiveCfg = Release|Any CPU
		{8C0100CA-209F-40CE-B750-D0A23680DFEE}.Release|x64.Build.0 = Release|Any CPU
		{8C0100CA-209F-40CE-B750-D0A23680DFEE}.Release|x86.ActiveCfg = Release|Any CPU
		{8C0100CA-209F-40CE-B750-D0A23680DFEE}.Release|x86.Build.0 = Release|Any CPU
		{040ED204-0F13-4CBD-99CA-5E4AD8EC3C14}.Debug|Any CPU.ActiveCfg = Debug|Any CPU
		{040ED204-0F13-4CBD-99CA-5E4AD8EC3C14}.Debug|Any CPU.Build.0 = Debug|Any CPU
		{040ED204-0F13-4CBD-99CA-5E4AD8EC3C14}.Debug|x64.ActiveCfg = Debug|Any CPU
		{040ED204-0F13-4CBD-99CA-5E4AD8EC3C14}.Debug|x64.Build.0 = Debug|Any CPU
		{040ED204-0F13-4CBD-99CA-5E4AD8EC3C14}.Debug|x86.ActiveCfg = Debug|Any CPU
		{040ED204-0F13-4CBD-99CA-5E4AD8EC3C14}.Debug|x86.Build.0 = Debug|Any CPU
		{040ED204-0F13-4CBD-99CA-5E4AD8EC3C14}.Release|Any CPU.ActiveCfg = Release|Any CPU
		{040ED204-0F13-4CBD-99CA-5E4AD8EC3C14}.Release|Any CPU.Build.0 = Release|Any CPU
		{040ED204-0F13-4CBD-99CA-5E4AD8EC3C14}.Release|x64.ActiveCfg = Release|Any CPU
		{040ED204-0F13-4CBD-99CA-5E4AD8EC3C14}.Release|x64.Build.0 = Release|Any CPU
		{040ED204-0F13-4CBD-99CA-5E4AD8EC3C14}.Release|x86.ActiveCfg = Release|Any CPU
		{040ED204-0F13-4CBD-99CA-5E4AD8EC3C14}.Release|x86.Build.0 = Release|Any CPU
	EndGlobalSection
	GlobalSection(SolutionProperties) = preSolution
		HideSolutionNode = FALSE
	EndGlobalSection
EndGlobal
